{
  "name": "cropper-demo",
  "version": "1.0.0",
  "lockfileVersion": 1,
  "requires": true,
  "dependencies": {
    "cropperjs": {
      "version": "1.5.7",
      "resolved": "https://registry.npm.taobao.org/cropperjs/download/cropperjs-1.5.7.tgz",
      "integrity": "sha1-tlAZcluuHGKF6IH7ZhshQfpXAls="
    },
    "jquery": {
      "version": "3.5.1",
      "resolved": "https://registry.npm.taobao.org/jquery/download/jquery-3.5.1.tgz",
      "integrity": "sha1-17TQjhv9uGrS8aPQOeoXMEcXq7U="
    }
  }
}
